
Microsoft Visual Studio Solution File, Format Version 12.00
# Visual Studio Version 16
VisualStudioVersion = 16.0.810.0
MinimumVisualStudioVersion = 10.0.40219.1
Project("{FAE04EC0-301F-11D3-BF4B-00C04F79EFBC}") = "neutrackAPI", "neutrackAPI.csproj", "{2011AA4A-E385-4FD0-884A-1D5473AB1317}"
EndProject
Project("{FAE04EC0-301F-11D3-BF4B-00C04F79EFBC}") = "neutrackAPI.tests", "neutrackAPI.tests\neutrackAPI.tests.csproj", "{BADA671E-F0FC-40D1-A201-F2BD03FF331F}"
EndProject
Global
	GlobalSection(SolutionConfigurationPlatforms) = preSolution
		Debug|Any CPU = Debug|Any CPU
		Release|Any CPU = Release|Any CPU
	EndGlobalSection
	GlobalSection(ProjectConfigurationPlatforms) = postSolution
		{2011AA4A-E385-4FD0-884A-1D5473AB1317}.Debug|Any CPU.ActiveCfg = Debug|Any CPU
		{2011AA4A-E385-4FD0-884A-1D5473AB1317}.Debug|Any CPU.Build.0 = Debug|Any CPU
		{2011AA4A-E385-4FD0-884A-1D5473AB1317}.Release|Any CPU.ActiveCfg = Release|Any CPU
		{2011AA4A-E385-4FD0-884A-1D5473AB1317}.Release|Any CPU.Build.0 = Release|Any CPU
		{BADA671E-F0FC-40D1-A201-F2BD03FF331F}.Debug|Any CPU.ActiveCfg = Debug|Any CPU
		{BADA671E-F0FC-40D1-A201-F2BD03FF331F}.Debug|Any CPU.Build.0 = Debug|Any CPU
		{BADA671E-F0FC-40D1-A201-F2BD03FF331F}.Release|Any CPU.ActiveCfg = Release|Any CPU
		{BADA671E-F0FC-40D1-A201-F2BD03FF331F}.Release|Any CPU.Build.0 = Release|Any CPU
	EndGlobalSection
	GlobalSection(SolutionProperties) = preSolution
		HideSolutionNode = FALSE
	EndGlobalSection
	GlobalSection(ExtensibilityGlobals) = postSolution
		SolutionGuid = {A3BE162E-2909-4274-9404-72379E735EC8}
	EndGlobalSection
EndGlobal
